
Microsoft Visual Studio Solution File, Format Version 12.00
# Visual Studio Version 16
VisualStudioVersion = 16.0.31911.196
MinimumVisualStudioVersion = 10.0.40219.1
Project("{FAE04EC0-301F-11D3-BF4B-00C04F79EFBC}") = "DecisionMaking", "DecisionMaking\DecisionMaking.csproj", "{B8E8A7BF-4A2E-4CD5-975E-7062C769682F}"
EndProject
Global
	GlobalSection(SolutionConfigurationPlatforms) = preSolution
		Debug|Any CPU = Debug|Any CPU
		Release|Any CPU = Release|Any CPU
	EndGlobalSection
	GlobalSection(ProjectConfigurationPlatforms) = postSolution
		{B8E8A7BF-4A2E-4CD5-975E-7062C769682F}.Debug|Any CPU.ActiveCfg = Debug|Any CPU
		{B8E8A7BF-4A2E-4CD5-975E-7062C769682F}.Debug|Any CPU.Build.0 = Debug|Any CPU
		{B8E8A7BF-4A2E-4CD5-975E-7062C769682F}.Release|Any CPU.ActiveCfg = Release|Any CPU
		{B8E8A7BF-4A2E-4CD5-975E-7062C769682F}.Release|Any CPU.Build.0 = Release|Any CPU
	EndGlobalSection
	GlobalSection(SolutionProperties) = preSolution
		HideSolutionNode = FALSE
	EndGlobalSection
	GlobalSection(ExtensibilityGlobals) = postSolution
		SolutionGuid = {89E51CC2-5E83-44A7-80F8-26438CFBC320}
	EndGlobalSection
EndGlobal
